{
    "_meta": {
        "hash": {
            "sha256": "bb57e0d7853b45999e47c163c46b95bc2fde31c527d8d7b5b5539dc979444a6d"
        },
        "pipfile-spec": 6,
        "requires": {
            "python_version": "3.7"
        },
        "sources": [
            {
                "name": "pypi",
                "url": "https://pypi.org/simple",
                "verify_ssl": true
            }
        ]
    },
    "default": {},
    "develop": {}
}
